
Microsoft Visual Studio Solution File, Format Version 12.00
# Visual Studio 15
VisualStudioVersion = 15.0.28307.572
MinimumVisualStudioVersion = 10.0.40219.1
Project("{FAE04EC0-301F-11D3-BF4B-00C04F79EFBC}") = "API", "API\API.csproj", "{65FFFABB-1013-48D5-9397-83BCC664D5D1}"
EndProject
Project("{FAE04EC0-301F-11D3-BF4B-00C04F79EFBC}") = "Domain", "Domain\Domain.csproj", "{A9471390-F8F1-4BA9-8465-8BA26C0371A7}"
EndProject
Project("{FAE04EC0-301F-11D3-BF4B-00C04F79EFBC}") = "Infra", "Infra\Infra.csproj", "{3F748265-5D91-4693-98B8-6E1DDB5D2A0E}"
EndProject
Project("{FAE04EC0-301F-11D3-BF4B-00C04F79EFBC}") = "Shared", "Shared\Shared.csproj", "{E11C2E5E-C7C4-4325-B97D-7177D4836A41}"
EndProject
Project("{FAE04EC0-301F-11D3-BF4B-00C04F79EFBC}") = "Tests", "Tests\Tests.csproj", "{9C1A8A2C-A6D3-4A89-85E2-511715D2FDCD}"
EndProject
Global
	GlobalSection(SolutionConfigurationPlatforms) = preSolution
		Debug|Any CPU = Debug|Any CPU
		Release|Any CPU = Release|Any CPU
	EndGlobalSection
	GlobalSection(ProjectConfigurationPlatforms) = postSolution
		{65FFFABB-1013-48D5-9397-83BCC664D5D1}.Debug|Any CPU.ActiveCfg = Debug|Any CPU
		{65FFFABB-1013-48D5-9397-83BCC664D5D1}.Debug|Any CPU.Build.0 = Debug|Any CPU
		{65FFFABB-1013-48D5-9397-83BCC664D5D1}.Release|Any CPU.ActiveCfg = Release|Any CPU
		{65FFFABB-1013-48D5-9397-83BCC664D5D1}.Release|Any CPU.Build.0 = Release|Any CPU
		{A9471390-F8F1-4BA9-8465-8BA26C0371A7}.Debug|Any CPU.ActiveCfg = Debug|Any CPU
		{A9471390-F8F1-4BA9-8465-8BA26C0371A7}.Debug|Any CPU.Build.0 = Debug|Any CPU
		{A9471390-F8F1-4BA9-8465-8BA26C0371A7}.Release|Any CPU.ActiveCfg = Release|Any CPU
		{A9471390-F8F1-4BA9-8465-8BA26C0371A7}.Release|Any CPU.Build.0 = Release|Any CPU
		{3F748265-5D91-4693-98B8-6E1DDB5D2A0E}.Debug|Any CPU.ActiveCfg = Debug|Any CPU
		{3F748265-5D91-4693-98B8-6E1DDB5D2A0E}.Debug|Any CPU.Build.0 = Debug|Any CPU
		{3F748265-5D91-4693-98B8-6E1DDB5D2A0E}.Release|Any CPU.ActiveCfg = Release|Any CPU
		{3F748265-5D91-4693-98B8-6E1DDB5D2A0E}.Release|Any CPU.Build.0 = Release|Any CPU
		{E11C2E5E-C7C4-4325-B97D-7177D4836A41}.Debug|Any CPU.ActiveCfg = Debug|Any CPU
		{E11C2E5E-C7C4-4325-B97D-7177D4836A41}.Debug|Any CPU.Build.0 = Debug|Any CPU
		{E11C2E5E-C7C4-4325-B97D-7177D4836A41}.Release|Any CPU.ActiveCfg = Release|Any CPU
		{E11C2E5E-C7C4-4325-B97D-7177D4836A41}.Release|Any CPU.Build.0 = Release|Any CPU
		{9C1A8A2C-A6D3-4A89-85E2-511715D2FDCD}.Debug|Any CPU.ActiveCfg = Debug|Any CPU
		{9C1A8A2C-A6D3-4A89-85E2-511715D2FDCD}.Debug|Any CPU.Build.0 = Debug|Any CPU
		{9C1A8A2C-A6D3-4A89-85E2-511715D2FDCD}.Release|Any CPU.ActiveCfg = Release|Any CPU
		{9C1A8A2C-A6D3-4A89-85E2-511715D2FDCD}.Release|Any CPU.Build.0 = Release|Any CPU
	EndGlobalSection
	GlobalSection(SolutionProperties) = preSolution
		HideSolutionNode = FALSE
	EndGlobalSection
	GlobalSection(ExtensibilityGlobals) = postSolution
		SolutionGuid = {82E5808A-4E86-4D79-BA47-6ACECECAEE2E}
	EndGlobalSection
EndGlobal
